
Microsoft Visual Studio Solution File, Format Version 12.00
# Visual Studio Version 16
VisualStudioVersion = 16.0.32126.315
MinimumVisualStudioVersion = 10.0.40219.1
Project("{FAE04EC0-301F-11D3-BF4B-00C04F79EFBC}") = "AutomationControlsFinder", "..\Code\AutomationControlsFinder\AutomationControlsFinder.csproj", "{B56902EF-02FD-4028-BD5B-E66A121B2572}"
EndProject
Project("{FAE04EC0-301F-11D3-BF4B-00C04F79EFBC}") = "DesktopAutomationFlaUI", "..\Code\DesktopAutomationFlaUI\DesktopAutomationFlaUI.csproj", "{748C649F-6BE0-4C97-A0BD-7042C698CDA8}"
EndProject
Global
	GlobalSection(SolutionConfigurationPlatforms) = preSolution
		Debug|Any CPU = Debug|Any CPU
		Release|Any CPU = Release|Any CPU
	EndGlobalSection
	GlobalSection(ProjectConfigurationPlatforms) = postSolution
		{B56902EF-02FD-4028-BD5B-E66A121B2572}.Debug|Any CPU.ActiveCfg = Debug|Any CPU
		{B56902EF-02FD-4028-BD5B-E66A121B2572}.Debug|Any CPU.Build.0 = Debug|Any CPU
		{B56902EF-02FD-4028-BD5B-E66A121B2572}.Release|Any CPU.ActiveCfg = Release|Any CPU
		{B56902EF-02FD-4028-BD5B-E66A121B2572}.Release|Any CPU.Build.0 = Release|Any CPU
		{748C649F-6BE0-4C97-A0BD-7042C698CDA8}.Debug|Any CPU.ActiveCfg = Debug|Any CPU
		{748C649F-6BE0-4C97-A0BD-7042C698CDA8}.Debug|Any CPU.Build.0 = Debug|Any CPU
		{748C649F-6BE0-4C97-A0BD-7042C698CDA8}.Release|Any CPU.ActiveCfg = Release|Any CPU
		{748C649F-6BE0-4C97-A0BD-7042C698CDA8}.Release|Any CPU.Build.0 = Release|Any CPU
	EndGlobalSection
	GlobalSection(SolutionProperties) = preSolution
		HideSolutionNode = FALSE
	EndGlobalSection
	GlobalSection(ExtensibilityGlobals) = postSolution
		SolutionGuid = {64D39DC6-12FF-47AA-AAB2-1E2B7233C4C6}
	EndGlobalSection
EndGlobal
